// !$*UTF8*$!
{
	archiveVersion = 1;
	classes = {
	};
	objectVersion = 77;
	objects = {

/* Begin PBXBuildFile section */
		09F975C36D40AAF03F548F09 /* DefaultContrastControlView.swift in Sources */ = {isa = PBXBuildFile; fileRef = CD2F3B2CD63B9A44C43A60D8 /* DefaultContrastControlView.swift */; };
		9CBC6B9779A577AE55C87A53 /* PrototypeIssue293UITests.swift in Sources */ = {isa = PBXBuildFile; fileRef = 6054E3F413091F1B2B05B405 /* PrototypeIssue293UITests.swift */; };
		CE12C65D587C25D6C52A3AA2 /* DefaultContrastControlUITests.swift in Sources */ = {isa = PBXBuildFile; fileRef = E7B06971AAB75BC1A7B33605 /* DefaultContrastControlUITests.swift */; };
		E6F691B9309D5AC69466271A /* PrototypeIssue293App.swift in Sources */ = {isa = PBXBuildFile; fileRef = B41D2A1F7A7EA2AF4B6137A9 /* PrototypeIssue293App.swift */; };
/* End PBXBuildFile section */

/* Begin PBXContainerItemProxy section */
		8628A6E8821085B1C1087061 /* PBXContainerItemProxy */ = {
			isa = PBXContainerItemProxy;
			containerPortal = D07BB9D2E497669FFC4352EE /* Project object */;
			proxyType = 1;
			remoteGlobalIDString = 54EF94B20C5238C983DBF73F;
			remoteInfo = PrototypeIssue293;
		};
/* End PBXContainerItemProxy section */

/* Begin PBXFileReference section */
		20D4BCBBAE5895F61E9F5D44 /* PrototypeIssue293.app */ = {isa = PBXFileReference; includeInIndex = 0; lastKnownFileType = wrapper.application; path = PrototypeIssue293.app; sourceTree = BUILT_PRODUCTS_DIR; };
		6054E3F413091F1B2B05B405 /* PrototypeIssue293UITests.swift */ = {isa = PBXFileReference; lastKnownFileType = sourcecode.swift; path = PrototypeIssue293UITests.swift; sourceTree = "<group>"; };
		B41D2A1F7A7EA2AF4B6137A9 /* PrototypeIssue293App.swift */ = {isa = PBXFileReference; lastKnownFileType = sourcecode.swift; path = PrototypeIssue293App.swift; sourceTree = "<group>"; };
		CD2F3B2CD63B9A44C43A60D8 /* DefaultContrastControlView.swift */ = {isa = PBXFileReference; lastKnownFileType = sourcecode.swift; path = DefaultContrastControlView.swift; sourceTree = "<group>"; };
		CD5CD5295F84F201381AF576 /* PrototypeIssue293UITests.xctest */ = {isa = PBXFileReference; includeInIndex = 0; lastKnownFileType = wrapper.cfbundle; path = PrototypeIssue293UITests.xctest; sourceTree = BUILT_PRODUCTS_DIR; };
		E7B06971AAB75BC1A7B33605 /* DefaultContrastControlUITests.swift */ = {isa = PBXFileReference; lastKnownFileType = sourcecode.swift; path = DefaultContrastControlUITests.swift; sourceTree = "<group>"; };
/* End PBXFileReference section */

/* Begin PBXGroup section */
		0A0B782F33524E970DF00963 /* Products */ = {
			isa = PBXGroup;
			children = (
				20D4BCBBAE5895F61E9F5D44 /* PrototypeIssue293.app */,
				CD5CD5295F84F201381AF576 /* PrototypeIssue293UITests.xctest */,
			);
			name = Products;
			sourceTree = "<group>";
		};
		2E53C955EC353794A803EA04 /* App */ = {
			isa = PBXGroup;
			children = (
				CD2F3B2CD63B9A44C43A60D8 /* DefaultContrastControlView.swift */,
				B41D2A1F7A7EA2AF4B6137A9 /* PrototypeIssue293App.swift */,
			);
			path = App;
			sourceTree = "<group>";
		};
		BB681223DADD12DD05D3C830 /* UITests */ = {
			isa = PBXGroup;
			children = (
				E7B06971AAB75BC1A7B33605 /* DefaultContrastControlUITests.swift */,
				6054E3F413091F1B2B05B405 /* PrototypeIssue293UITests.swift */,
			);
			path = UITests;
			sourceTree = "<group>";
		};
		F44358121F2AE8838CB52704 = {
			isa = PBXGroup;
			children = (
				2E53C955EC353794A803EA04 /* App */,
				BB681223DADD12DD05D3C830 /* UITests */,
				0A0B782F33524E970DF00963 /* Products */,
			);
			sourceTree = "<group>";
		};
/* End PBXGroup section */

/* Begin PBXNativeTarget section */
		54EF94B20C5238C983DBF73F /* PrototypeIssue293 */ = {
			isa = PBXNativeTarget;
			buildConfigurationList = D410B95864E40D666623F65F /* Build configuration list for PBXNativeTarget "PrototypeIssue293" */;
			buildPhases = (
				4E231D1A3D85E8EDA397C024 /* Sources */,
			);
			buildRules = (
			);
			dependencies = (
			);
			name = PrototypeIssue293;
			packageProductDependencies = (
			);
			productName = PrototypeIssue293;
			productReference = 20D4BCBBAE5895F61E9F5D44 /* PrototypeIssue293.app */;
			productType = "com.apple.product-type.application";
		};
		69EB73BAB1B0889A6EB4A514 /* PrototypeIssue293UITests */ = {
			isa = PBXNativeTarget;
			buildConfigurationList = 96A728C6F9B47EEF956EE11B /* Build configuration list for PBXNativeTarget "PrototypeIssue293UITests" */;
			buildPhases = (
				87CABD27EE99566A82D57CB1 /* Sources */,
			);
			buildRules = (
			);
			dependencies = (
				718C5CC36995F7FBCDF9E6C5 /* PBXTargetDependency */,
			);
			name = PrototypeIssue293UITests;
			packageProductDependencies = (
			);
			productName = PrototypeIssue293UITests;
			productReference = CD5CD5295F84F201381AF576 /* PrototypeIssue293UITests.xctest */;
			productType = "com.apple.product-type.bundle.ui-testing";
		};
/* End PBXNativeTarget section */

/* Begin PBXProject section */
		D07BB9D2E497669FFC4352EE /* Project object */ = {
			isa = PBXProject;
			attributes = {
				BuildIndependentTargetsInParallel = YES;
				LastUpgradeCheck = 1430;
				TargetAttributes = {
					69EB73BAB1B0889A6EB4A514 = {
						TestTargetID = 54EF94B20C5238C983DBF73F;
					};
				};
			};
			buildConfigurationList = 77681A5CDB23E9FFB4AC73C5 /* Build configuration list for PBXProject "PrototypeIssue293" */;
			compatibilityVersion = "Xcode 14.0";
			developmentRegion = en;
			hasScannedForEncodings = 0;
			knownRegions = (
				Base,
				en,
			);
			mainGroup = F44358121F2AE8838CB52704;
			minimizedProjectReferenceProxies = 1;
			preferredProjectObjectVersion = 77;
			projectDirPath = "";
			projectRoot = "";
			targets = (
				54EF94B20C5238C983DBF73F /* PrototypeIssue293 */,
				69EB73BAB1B0889A6EB4A514 /* PrototypeIssue293UITests */,
			);
		};
/* End PBXProject section */

/* Begin PBXSourcesBuildPhase section */
		4E231D1A3D85E8EDA397C024 /* Sources */ = {
			isa = PBXSourcesBuildPhase;
			buildActionMask = 2147483647;
			files = (
				09F975C36D40AAF03F548F09 /* DefaultContrastControlView.swift in Sources */,
				E6F691B9309D5AC69466271A /* PrototypeIssue293App.swift in Sources */,
			);
			runOnlyForDeploymentPostprocessing = 0;
		};
		87CABD27EE99566A82D57CB1 /* Sources */ = {
			isa = PBXSourcesBuildPhase;
			buildActionMask = 2147483647;
			files = (
				CE12C65D587C25D6C52A3AA2 /* DefaultContrastControlUITests.swift in Sources */,
				9CBC6B9779A577AE55C87A53 /* PrototypeIssue293UITests.swift in Sources */,
			);
			runOnlyForDeploymentPostprocessing = 0;
		};
/* End PBXSourcesBuildPhase section */

/* Begin PBXTargetDependency section */
		718C5CC36995F7FBCDF9E6C5 /* PBXTargetDependency */ = {
			isa = PBXTargetDependency;
			target = 54EF94B20C5238C983DBF73F /* PrototypeIssue293 */;
			targetProxy = 8628A6E8821085B1C1087061 /* PBXContainerItemProxy */;
		};
/* End PBXTargetDependency section */

/* Begin XCBuildConfiguration section */
		4BB7BDB95E2506B5A081389D /* Release */ = {
			isa = XCBuildConfiguration;
			buildSettings = {
				ALWAYS_SEARCH_USER_PATHS = NO;
				CLANG_ANALYZER_NONNULL = YES;
				CLANG_ANALYZER_NUMBER_OBJECT_CONVERSION = YES_AGGRESSIVE;
				CLANG_CXX_LANGUAGE_STANDARD = "gnu++14";
				CLANG_CXX_LIBRARY = "libc++";
				CLANG_ENABLE_MODULES = YES;
				CLANG_ENABLE_OBJC_ARC = YES;
				CLANG_ENABLE_OBJC_WEAK = YES;
				CLANG_WARN_BLOCK_CAPTURE_AUTORELEASING = YES;
				CLANG_WARN_BOOL_CONVERSION = YES;
				CLANG_WARN_COMMA = YES;
				CLANG_WARN_CONSTANT_CONVERSION = YES;
				CLANG_WARN_DEPRECATED_OBJC_IMPLEMENTATIONS = YES;
				CLANG_WARN_DIRECT_OBJC_ISA_USAGE = YES_ERROR;
				CLANG_WARN_DOCUMENTATION_COMMENTS = YES;
				CLANG_WARN_EMPTY_BODY = YES;
				CLANG_WARN_ENUM_CONVERSION = YES;
				CLANG_WARN_INFINITE_RECURSION = YES;
				CLANG_WARN_INT_CONVERSION = YES;
				CLANG_WARN_NON_LITERAL_NULL_CONVERSION = YES;
				CLANG_WARN_OBJC_IMPLICIT_RETAIN_SELF = YES;
				CLANG_WARN_OBJC_LITERAL_CONVERSION = YES;
				CLANG_WARN_OBJC_ROOT_CLASS = YES_ERROR;
				CLANG_WARN_QUOTED_INCLUDE_IN_FRAMEWORK_HEADER = YES;
				CLANG_WARN_RANGE_LOOP_ANALYSIS = YES;
				CLANG_WARN_STRICT_PROTOTYPES = YES;
				CLANG_WARN_SUSPICIOUS_MOVE = YES;
				CLANG_WARN_UNGUARDED_AVAILABILITY = YES_AGGRESSIVE;
				CLANG_WARN_UNREACHABLE_CODE = YES;
				CLANG_WARN__DUPLICATE_METHOD_MATCH = YES;
				CODE_SIGNING_ALLOWED = NO;
				COPY_PHASE_STRIP = NO;
				DEBUG_INFORMATION_FORMAT = "dwarf-with-dsym";
				ENABLE_NS_ASSERTIONS = NO;
				ENABLE_STRICT_OBJC_MSGSEND = YES;
				GCC_C_LANGUAGE_STANDARD = gnu11;
				GCC_NO_COMMON_BLOCKS = YES;
				GCC_WARN_64_TO_32_BIT_CONVERSION = YES;
				GCC_WARN_ABOUT_RETURN_TYPE = YES_ERROR;
				GCC_WARN_UNDECLARED_SELECTOR = YES;
				GCC_WARN_UNINITIALIZED_AUTOS = YES_AGGRESSIVE;
				GCC_WARN_UNUSED_FUNCTION = YES;
				GCC_WARN_UNUSED_VARIABLE = YES;
				IPHONEOS_DEPLOYMENT_TARGET = 26.0;
				MTL_ENABLE_DEBUG_INFO = NO;
				MTL_FAST_MATH = YES;
				PRODUCT_NAME = "$(TARGET_NAME)";
				SDKROOT = iphoneos;
				SWIFT_COMPILATION_MODE = wholemodule;
				SWIFT_OPTIMIZATION_LEVEL = "-O";
				SWIFT_VERSION = 6.0;
				TARGETED_DEVICE_FAMILY = 1;
			};
			name = Release;
		};
		5A63BE1EB1895CD31E8DC6A2 /* Debug */ = {
			isa = XCBuildConfiguration;
			buildSettings = {
				BUNDLE_LOADER = "$(TEST_HOST)";
				GENERATE_INFOPLIST_FILE = YES;
				LD_RUNPATH_SEARCH_PATHS = (
					"$(inherited)",
					"@executable_path/Frameworks",
					"@loader_path/Frameworks",
				);
				PRODUCT_BUNDLE_IDENTIFIER = dev.zenbujapanese.prototype.issue293.uitests;
				PRODUCT_NAME = PrototypeIssue293UITests;
				SDKROOT = iphoneos;
				TARGETED_DEVICE_FAMILY = "1,2";
				TEST_TARGET_NAME = PrototypeIssue293;
			};
			name = Debug;
		};
		C22F13A156BD767012FB6E3D /* Debug */ = {
			isa = XCBuildConfiguration;
			buildSettings = {
				ASSETCATALOG_COMPILER_APPICON_NAME = AppIcon;
				CODE_SIGN_IDENTITY = "iPhone Developer";
				GENERATE_INFOPLIST_FILE = YES;
				INFOPLIST_KEY_CFBundleDisplayName = "PROTOTYPE 293";
				INFOPLIST_KEY_UILaunchScreen_Generation = YES;
				LD_RUNPATH_SEARCH_PATHS = (
					"$(inherited)",
					"@executable_path/Frameworks",
				);
				PRODUCT_BUNDLE_IDENTIFIER = dev.zenbujapanese.prototype.issue293;
				PRODUCT_NAME = PrototypeIssue293;
				SDKROOT = iphoneos;
				TARGETED_DEVICE_FAMILY = "1,2";
			};
			name = Debug;
		};
		D8E313B47E5673503A1FB03F /* Debug */ = {
			isa = XCBuildConfiguration;
			buildSettings = {
				ALWAYS_SEARCH_USER_PATHS = NO;
				CLANG_ANALYZER_NONNULL = YES;
				CLANG_ANALYZER_NUMBER_OBJECT_CONVERSION = YES_AGGRESSIVE;
				CLANG_CXX_LANGUAGE_STANDARD = "gnu++14";
				CLANG_CXX_LIBRARY = "libc++";
				CLANG_ENABLE_MODULES = YES;
				CLANG_ENABLE_OBJC_ARC = YES;
				CLANG_ENABLE_OBJC_WEAK = YES;
				CLANG_WARN_BLOCK_CAPTURE_AUTORELEASING = YES;
				CLANG_WARN_BOOL_CONVERSION = YES;
				CLANG_WARN_COMMA = YES;
				CLANG_WARN_CONSTANT_CONVERSION = YES;
				CLANG_WARN_DEPRECATED_OBJC_IMPLEMENTATIONS = YES;
				CLANG_WARN_DIRECT_OBJC_ISA_USAGE = YES_ERROR;
				CLANG_WARN_DOCUMENTATION_COMMENTS = YES;
				CLANG_WARN_EMPTY_BODY = YES;
				CLANG_WARN_ENUM_CONVERSION = YES;
				CLANG_WARN_INFINITE_RECURSION = YES;
				CLANG_WARN_INT_CONVERSION = YES;
				CLANG_WARN_NON_LITERAL_NULL_CONVERSION = YES;
				CLANG_WARN_OBJC_IMPLICIT_RETAIN_SELF = YES;
				CLANG_WARN_OBJC_LITERAL_CONVERSION = YES;
				CLANG_WARN_OBJC_ROOT_CLASS = YES_ERROR;
				CLANG_WARN_QUOTED_INCLUDE_IN_FRAMEWORK_HEADER = YES;
				CLANG_WARN_RANGE_LOOP_ANALYSIS = YES;
				CLANG_WARN_STRICT_PROTOTYPES = YES;
				CLANG_WARN_SUSPICIOUS_MOVE = YES;
				CLANG_WARN_UNGUARDED_AVAILABILITY = YES_AGGRESSIVE;
				CLANG_WARN_UNREACHABLE_CODE = YES;
				CLANG_WARN__DUPLICATE_METHOD_MATCH = YES;
				CODE_SIGNING_ALLOWED = NO;
				COPY_PHASE_STRIP = NO;
				DEBUG_INFORMATION_FORMAT = dwarf;
				ENABLE_STRICT_OBJC_MSGSEND = YES;
				ENABLE_TESTABILITY = YES;
				GCC_C_LANGUAGE_STANDARD = gnu11;
				GCC_DYNAMIC_NO_PIC = NO;
				GCC_NO_COMMON_BLOCKS = YES;
				GCC_OPTIMIZATION_LEVEL = 0;
				GCC_PREPROCESSOR_DEFINITIONS = (
					"$(inherited)",
					"DEBUG=1",
				);
				GCC_WARN_64_TO_32_BIT_CONVERSION = YES;
				GCC_WARN_ABOUT_RETURN_TYPE = YES_ERROR;
				GCC_WARN_UNDECLARED_SELECTOR = YES;
				GCC_WARN_UNINITIALIZED_AUTOS = YES_AGGRESSIVE;
				GCC_WARN_UNUSED_FUNCTION = YES;
				GCC_WARN_UNUSED_VARIABLE = YES;
				IPHONEOS_DEPLOYMENT_TARGET = 26.0;
				MTL_ENABLE_DEBUG_INFO = INCLUDE_SOURCE;
				MTL_FAST_MATH = YES;
				ONLY_ACTIVE_ARCH = YES;
				PRODUCT_NAME = "$(TARGET_NAME)";
				SDKROOT = iphoneos;
				SWIFT_ACTIVE_COMPILATION_CONDITIONS = DEBUG;
				SWIFT_OPTIMIZATION_LEVEL = "-Onone";
				SWIFT_VERSION = 6.0;
				TARGETED_DEVICE_FAMILY = 1;
			};
			name = Debug;
		};
		F367FD55134F98AA81EC4747 /* Release */ = {
			isa = XCBuildConfiguration;
			buildSettings = {
				BUNDLE_LOADER = "$(TEST_HOST)";
				GENERATE_INFOPLIST_FILE = YES;
				LD_RUNPATH_SEARCH_PATHS = (
					"$(inherited)",
					"@executable_path/Frameworks",
					"@loader_path/Frameworks",
				);
				PRODUCT_BUNDLE_IDENTIFIER = dev.zenbujapanese.prototype.issue293.uitests;
				PRODUCT_NAME = PrototypeIssue293UITests;
				SDKROOT = iphoneos;
				TARGETED_DEVICE_FAMILY = "1,2";
				TEST_TARGET_NAME = PrototypeIssue293;
			};
			name = Release;
		};
		FFBEF184D828C7076071437B /* Release */ = {
			isa = XCBuildConfiguration;
			buildSettings = {
				ASSETCATALOG_COMPILER_APPICON_NAME = AppIcon;
				CODE_SIGN_IDENTITY = "iPhone Developer";
				GENERATE_INFOPLIST_FILE = YES;
				INFOPLIST_KEY_CFBundleDisplayName = "PROTOTYPE 293";
				INFOPLIST_KEY_UILaunchScreen_Generation = YES;
				LD_RUNPATH_SEARCH_PATHS = (
					"$(inherited)",
					"@executable_path/Frameworks",
				);
				PRODUCT_BUNDLE_IDENTIFIER = dev.zenbujapanese.prototype.issue293;
				PRODUCT_NAME = PrototypeIssue293;
				SDKROOT = iphoneos;
				TARGETED_DEVICE_FAMILY = "1,2";
			};
			name = Release;
		};
/* End XCBuildConfiguration section */

/* Begin XCConfigurationList section */
		77681A5CDB23E9FFB4AC73C5 /* Build configuration list for PBXProject "PrototypeIssue293" */ = {
			isa = XCConfigurationList;
			buildConfigurations = (
				D8E313B47E5673503A1FB03F /* Debug */,
				4BB7BDB95E2506B5A081389D /* Release */,
			);
			defaultConfigurationIsVisible = 0;
			defaultConfigurationName = Debug;
		};
		96A728C6F9B47EEF956EE11B /* Build configuration list for PBXNativeTarget "PrototypeIssue293UITests" */ = {
			isa = XCConfigurationList;
			buildConfigurations = (
				5A63BE1EB1895CD31E8DC6A2 /* Debug */,
				F367FD55134F98AA81EC4747 /* Release */,
			);
			defaultConfigurationIsVisible = 0;
			defaultConfigurationName = Debug;
		};
		D410B95864E40D666623F65F /* Build configuration list for PBXNativeTarget "PrototypeIssue293" */ = {
			isa = XCConfigurationList;
			buildConfigurations = (
				C22F13A156BD767012FB6E3D /* Debug */,
				FFBEF184D828C7076071437B /* Release */,
			);
			defaultConfigurationIsVisible = 0;
			defaultConfigurationName = Debug;
		};
/* End XCConfigurationList section */
	};
	rootObject = D07BB9D2E497669FFC4352EE /* Project object */;
}
