<?xml version="1.0" encoding="UTF-8"?>
<Scheme
   LastUpgradeVersion = "1430"
   version = "1.7">
   <BuildAction
      parallelizeBuildables = "YES"
      buildImplicitDependencies = "YES"
      runPostActionsOnFailure = "NO">
      <BuildActionEntries>
         <BuildActionEntry
            buildForTesting = "YES"
            buildForRunning = "NO"
            buildForProfiling = "NO"
            buildForArchiving = "NO"
            buildForAnalyzing = "NO">
            <BuildableReference
               BuildableIdentifier = "primary"
               BlueprintIdentifier = "151000000000000000000008"
               BuildableName = "ZenbuJapaneseTests.xctest"
               BlueprintName = "ZenbuJapaneseTests"
               ReferencedContainer = "container:ZenbuJapanese.xcodeproj">
            </BuildableReference>
         </BuildActionEntry>
         <BuildActionEntry
            buildForTesting = "YES"
            buildForRunning = "YES"
            buildForProfiling = "YES"
            buildForArchiving = "YES"
            buildForAnalyzing = "YES">
            <BuildableReference
               BuildableIdentifier = "primary"
               BlueprintIdentifier = "5CD4552D207F8AC0D2D15CD6"
               BuildableName = "ZenbuJapanese.app"
               BlueprintName = "ZenbuJapanese"
               ReferencedContainer = "container:ZenbuJapanese.xcodeproj">
            </BuildableReference>
         </BuildActionEntry>
         <BuildActionEntry
            buildForTesting = "YES"
            buildForRunning = "NO"
            buildForProfiling = "NO"
            buildForArchiving = "NO"
            buildForAnalyzing = "NO">
            <BuildableReference
               BuildableIdentifier = "primary"
               BlueprintIdentifier = "74E6EB6E486E0D87C41A29EF"
               BuildableName = "ZenbuJapaneseUITests.xctest"
               BlueprintName = "ZenbuJapaneseUITests"
               ReferencedContainer = "container:ZenbuJapanese.xcodeproj">
            </BuildableReference>
         </BuildActionEntry>
      </BuildActionEntries>
   </BuildAction>
   <TestAction
      buildConfiguration = "Debug"
      selectedDebuggerIdentifier = "Xcode.DebuggerFoundation.Debugger.LLDB"
      selectedLauncherIdentifier = "Xcode.DebuggerFoundation.Launcher.LLDB"
      shouldUseLaunchSchemeArgsEnv = "YES"
      onlyGenerateCoverageForSpecifiedTargets = "NO">
      <MacroExpansion>
         <BuildableReference
            BuildableIdentifier = "primary"
            BlueprintIdentifier = "5CD4552D207F8AC0D2D15CD6"
            BuildableName = "ZenbuJapanese.app"
            BlueprintName = "ZenbuJapanese"
            ReferencedContainer = "container:ZenbuJapanese.xcodeproj">
         </BuildableReference>
      </MacroExpansion>
      <TestPlans>
         <TestPlanReference
            reference = "container:TestPlans/ZenbuIncreasedContrast.xctestplan">
         </TestPlanReference>
         <TestPlanReference
            reference = "container:TestPlans/ZenbuPR.xctestplan"
            default = "YES">
         </TestPlanReference>
         <TestPlanReference
            reference = "container:TestPlans/ZenbuAccessibility.xctestplan">
         </TestPlanReference>
         <TestPlanReference
            reference = "container:TestPlans/ZenbuAccessibilityDiagnostics.xctestplan">
         </TestPlanReference>
         <TestPlanReference
            reference = "container:TestPlans/ZenbuNightly.xctestplan">
         </TestPlanReference>
         <TestPlanReference
            reference = "container:TestPlans/ZenbuPerformance.xctestplan">
         </TestPlanReference>
         <TestPlanReference
            reference = "container:TestPlans/ZenbuSudachiIntegration.xctestplan">
         </TestPlanReference>
      </TestPlans>
      <CommandLineArguments>
      </CommandLineArguments>
   </TestAction>
   <LaunchAction
      buildConfiguration = "Debug"
      selectedDebuggerIdentifier = "Xcode.DebuggerFoundation.Debugger.LLDB"
      selectedLauncherIdentifier = "Xcode.DebuggerFoundation.Launcher.LLDB"
      launchStyle = "0"
      useCustomWorkingDirectory = "NO"
      ignoresPersistentStateOnLaunch = "NO"
      debugDocumentVersioning = "YES"
      debugServiceExtension = "internal"
      allowLocationSimulation = "YES">
      <BuildableProductRunnable
         runnableDebuggingMode = "0">
         <BuildableReference
            BuildableIdentifier = "primary"
            BlueprintIdentifier = "5CD4552D207F8AC0D2D15CD6"
            BuildableName = "ZenbuJapanese.app"
            BlueprintName = "ZenbuJapanese"
            ReferencedContainer = "container:ZenbuJapanese.xcodeproj">
         </BuildableReference>
      </BuildableProductRunnable>
   </LaunchAction>
   <ProfileAction
      buildConfiguration = "Release"
      shouldUseLaunchSchemeArgsEnv = "YES"
      savedToolIdentifier = ""
      useCustomWorkingDirectory = "NO"
      debugDocumentVersioning = "YES">
      <BuildableProductRunnable
         runnableDebuggingMode = "0">
         <BuildableReference
            BuildableIdentifier = "primary"
            BlueprintIdentifier = "5CD4552D207F8AC0D2D15CD6"
            BuildableName = "ZenbuJapanese.app"
            BlueprintName = "ZenbuJapanese"
            ReferencedContainer = "container:ZenbuJapanese.xcodeproj">
         </BuildableReference>
      </BuildableProductRunnable>
   </ProfileAction>
   <AnalyzeAction
      buildConfiguration = "Debug">
   </AnalyzeAction>
   <ArchiveAction
      buildConfiguration = "Release"
      revealArchiveInOrganizer = "YES">
   </ArchiveAction>
</Scheme>
